
Microsoft Visual Studio Solution File, Format Version 12.00
# Visual Studio Version 16
VisualStudioVersion = 16.0.28803.156
MinimumVisualStudioVersion = 10.0.40219.1
Project("{FAE04EC0-301F-11D3-BF4B-00C04F79EFBC}") = "SimpleServer", "SimpleServer\SimpleServer.csproj", "{0E64001B-8D97-4414-9218-C5D1FE034C95}"
EndProject
Project("{FAE04EC0-301F-11D3-BF4B-00C04F79EFBC}") = "SimpleClient2", "SimpleClient2\SimpleClient2.csproj", "{611EC4F6-00C6-46F0-8977-1411C238B4F6}"
EndProject
Project("{FAE04EC0-301F-11D3-BF4B-00C04F79EFBC}") = "SharedClassLibrary", "SharedClassLibrary\SharedClassLibrary.csproj", "{6D98B505-EDF2-441E-80AD-9356D7AB2937}"
EndProject
Global
	GlobalSection(SolutionConfigurationPlatforms) = preSolution
		Debug|Any CPU = Debug|Any CPU
		Release|Any CPU = Release|Any CPU
	EndGlobalSection
	GlobalSection(ProjectConfigurationPlatforms) = postSolution
		{0E64001B-8D97-4414-9218-C5D1FE034C95}.Debug|Any CPU.ActiveCfg = Debug|Any CPU
		{0E64001B-8D97-4414-9218-C5D1FE034C95}.Debug|Any CPU.Build.0 = Debug|Any CPU
		{0E64001B-8D97-4414-9218-C5D1FE034C95}.Release|Any CPU.ActiveCfg = Release|Any CPU
		{0E64001B-8D97-4414-9218-C5D1FE034C95}.Release|Any CPU.Build.0 = Release|Any CPU
		{611EC4F6-00C6-46F0-8977-1411C238B4F6}.Debug|Any CPU.ActiveCfg = Debug|Any CPU
		{611EC4F6-00C6-46F0-8977-1411C238B4F6}.Debug|Any CPU.Build.0 = Debug|Any CPU
		{611EC4F6-00C6-46F0-8977-1411C238B4F6}.Release|Any CPU.ActiveCfg = Release|Any CPU
		{611EC4F6-00C6-46F0-8977-1411C238B4F6}.Release|Any CPU.Build.0 = Release|Any CPU
		{6D98B505-EDF2-441E-80AD-9356D7AB2937}.Debug|Any CPU.ActiveCfg = Debug|Any CPU
		{6D98B505-EDF2-441E-80AD-9356D7AB2937}.Debug|Any CPU.Build.0 = Debug|Any CPU
		{6D98B505-EDF2-441E-80AD-9356D7AB2937}.Release|Any CPU.ActiveCfg = Release|Any CPU
		{6D98B505-EDF2-441E-80AD-9356D7AB2937}.Release|Any CPU.Build.0 = Release|Any CPU
	EndGlobalSection
	GlobalSection(SolutionProperties) = preSolution
		HideSolutionNode = FALSE
	EndGlobalSection
	GlobalSection(ExtensibilityGlobals) = postSolution
		SolutionGuid = {4513C621-43EE-42D7-8AD8-E28D40A3690E}
	EndGlobalSection
EndGlobal
